# This file is autogenerated, do not edit; changes may be undone by the next 'dep ensure'.


[[projects]]
  branch = "master"
  digest = "1:2500bfb0a5a33c0580ad486c5195b5ec73dfafc76d231b5524e281ac5c2c86ac"
  name = "github.com/ant-libs-go/util"
  packages = ["."]
  pruneopts = "UT"
  revision = "9119cb3f0ab2c445b5484cc21d20af789298e4c8"

[[projects]]
  digest = "1:ec6f9bf5e274c833c911923c9193867f3f18788c461f76f05f62bb1510e0ae65"
  name = "github.com/go-sql-driver/mysql"
  packages = ["."]
  pruneopts = "UT"
  revision = "72cd26f257d44c1114970e19afddcd812016007e"
  version = "v1.4.1"

[[projects]]
  digest = "1:436e8c1845d92384995e9c93470f639b886dbbc4b49c7babf544f9cc06361198"
  name = "github.com/go-xorm/builder"
  packages = ["."]
  pruneopts = "UT"
  revision = "03eb88feccce3e477c318ce7f6f1b386544ab20b"
  version = "v0.3.3"

[[projects]]
  digest = "1:ec14b8c3b10e27599d7053a97bd28ef36e59cc4247f83b474bca43aaa971eab9"
  name = "github.com/go-xorm/core"
  packages = ["."]
  pruneopts = "UT"
  revision = "c10e21e7e1cec20e09398f2dfae385e58c8df555"
  version = "v0.6.0"

[[projects]]
  digest = "1:4f01359acf1d4bc0aade06dcfca6f7687516f54fbf70b467fe90057c614647f5"
  name = "github.com/go-xorm/xorm"
  packages = ["."]
  pruneopts = "UT"
  revision = "1f39c590c64924f358c0d89016ac9b2bb84e9125"
  version = "v0.7.1"

[[projects]]
  digest = "1:c25289f43ac4a68d88b02245742347c94f1e108c534dda442188015ff80669b3"
  name = "google.golang.org/appengine"
  packages = ["cloudsql"]
  pruneopts = "UT"
  revision = "4a4468ece617fc8205e99368fa2200e9d1fad421"
  version = "v1.3.0"

[solve-meta]
  analyzer-name = "dep"
  analyzer-version = 1
  input-imports = [
    "github.com/ant-libs-go/util",
    "github.com/go-sql-driver/mysql",
    "github.com/go-xorm/builder",
    "github.com/go-xorm/xorm",
  ]
  solver-name = "gps-cdcl"
  solver-version = 1
